
Microsoft Visual Studio Solution File, Format Version 12.00
# Visual Studio 2013
VisualStudioVersion = 12.0.31101.0
MinimumVisualStudioVersion = 10.0.40219.1
Project("{8BC9CEB8-8B4A-11D0-8D11-00A0C91BC942}") = "Tut5-EmployeeClass", "Tut5-EmployeeClass\Tut5-EmployeeClass.vcxproj", "{353C47A0-85AA-4145-B241-5B7FAAA5B41C}"
EndProject
Global
	GlobalSection(SolutionConfigurationPlatforms) = preSolution
		Debug|Win32 = Debug|Win32
		Release|Win32 = Release|Win32
	EndGlobalSection
	GlobalSection(ProjectConfigurationPlatforms) = postSolution
		{353C47A0-85AA-4145-B241-5B7FAAA5B41C}.Debug|Win32.ActiveCfg = Debug|Win32
		{353C47A0-85AA-4145-B241-5B7FAAA5B41C}.Debug|Win32.Build.0 = Debug|Win32
		{353C47A0-85AA-4145-B241-5B7FAAA5B41C}.Release|Win32.ActiveCfg = Release|Win32
		{353C47A0-85AA-4145-B241-5B7FAAA5B41C}.Release|Win32.Build.0 = Release|Win32
	EndGlobalSection
	GlobalSection(SolutionProperties) = preSolution
		HideSolutionNode = FALSE
	EndGlobalSection
EndGlobal
